
Microsoft Visual Studio Solution File, Format Version 12.00
# Visual Studio 15
VisualStudioVersion = 15.0.27428.2043
MinimumVisualStudioVersion = 10.0.40219.1
Project("{FAE04EC0-301F-11D3-BF4B-00C04F79EFBC}") = "AirLine_Reservation", "AirLine_Reservation\AirLine_Reservation.csproj", "{354E9D13-D502-4717-9221-254B3BC3FA8D}"
EndProject
Global
	GlobalSection(SolutionConfigurationPlatforms) = preSolution
		Debug|Any CPU = Debug|Any CPU
		Release|Any CPU = Release|Any CPU
	EndGlobalSection
	GlobalSection(ProjectConfigurationPlatforms) = postSolution
		{354E9D13-D502-4717-9221-254B3BC3FA8D}.Debug|Any CPU.ActiveCfg = Debug|Any CPU
		{354E9D13-D502-4717-9221-254B3BC3FA8D}.Debug|Any CPU.Build.0 = Debug|Any CPU
		{354E9D13-D502-4717-9221-254B3BC3FA8D}.Release|Any CPU.ActiveCfg = Release|Any CPU
		{354E9D13-D502-4717-9221-254B3BC3FA8D}.Release|Any CPU.Build.0 = Release|Any CPU
	EndGlobalSection
	GlobalSection(SolutionProperties) = preSolution
		HideSolutionNode = FALSE
	EndGlobalSection
	GlobalSection(ExtensibilityGlobals) = postSolution
		SolutionGuid = {8DF7C05D-A906-49CE-9355-0B06A8D0B0F9}
	EndGlobalSection
EndGlobal
